
Microsoft Visual Studio Solution File, Format Version 12.00
# Visual Studio Version 17
VisualStudioVersion = 17.11.35222.181
MinimumVisualStudioVersion = 10.0.40219.1
Project("{9A19103F-16F7-4668-BE54-9A1E7A4F7556}") = "LatestCMS", "LatestCMS\LatestCMS.csproj", "{7A50921C-E99F-4F65-BEBD-12BFDFDF6ECC}"
EndProject
Global
	GlobalSection(SolutionConfigurationPlatforms) = preSolution
		Debug|Any CPU = Debug|Any CPU
		Release|Any CPU = Release|Any CPU
	EndGlobalSection
	GlobalSection(ProjectConfigurationPlatforms) = postSolution
		{7A50921C-E99F-4F65-BEBD-12BFDFDF6ECC}.Debug|Any CPU.ActiveCfg = Debug|Any CPU
		{7A50921C-E99F-4F65-BEBD-12BFDFDF6ECC}.Debug|Any CPU.Build.0 = Debug|Any CPU
		{7A50921C-E99F-4F65-BEBD-12BFDFDF6ECC}.Release|Any CPU.ActiveCfg = Release|Any CPU
		{7A50921C-E99F-4F65-BEBD-12BFDFDF6ECC}.Release|Any CPU.Build.0 = Release|Any CPU
	EndGlobalSection
	GlobalSection(SolutionProperties) = preSolution
		HideSolutionNode = FALSE
	EndGlobalSection
	GlobalSection(ExtensibilityGlobals) = postSolution
		SolutionGuid = {60419EC1-98F0-4570-B4DA-99301C278A80}
	EndGlobalSection
EndGlobal
